# This file is automatically @generated by Cargo.
# It is not intended for manual editing.
version = 3

[[package]]
name = "hellors"
version = "0.1.0"
dependencies = [
 "lib-xv6-rs",
]

[[package]]
name = "lib-xv6-rs"
version = "0.1.0"

[[package]]
name = "pingpongrs"
version = "0.1.0"
dependencies = [
 "lib-xv6-rs",
]
